// !$*UTF8*$!
{
	archiveVersion = 1;
	classes = {
	};
	objectVersion = 56;
	objects = {

/* Begin PBXBuildFile section */
		064F88E62C278FA7009586A9 /* MAIC_AppApp.swift in Sources */ = {isa = PBXBuildFile; fileRef = 064F88E52C278FA7009586A9 /* MAIC_AppApp.swift */; };
		064F88EA2C278FA8009586A9 /* Assets.xcassets in Resources */ = {isa = PBXBuildFile; fileRef = 064F88E92C278FA8009586A9 /* Assets.xcassets */; };
		064F88EE2C278FA8009586A9 /* Preview Assets.xcassets in Resources */ = {isa = PBXBuildFile; fileRef = 064F88ED2C278FA8009586A9 /* Preview Assets.xcassets */; };
		064F89082C278FFC009586A9 /* Color+Extensions.swift in Sources */ = {isa = PBXBuildFile; fileRef = 064F88F42C278FFB009586A9 /* Color+Extensions.swift */; };
		064F89092C278FFC009586A9 /* Date+Extensions.swift in Sources */ = {isa = PBXBuildFile; fileRef = 064F88F52C278FFB009586A9 /* Date+Extensions.swift */; };
		064F890A2C278FFC009586A9 /* String+Extensions.swift in Sources */ = {isa = PBXBuildFile; fileRef = 064F88F62C278FFB009586A9 /* String+Extensions.swift */; };
		064F890B2C278FFC009586A9 /* Delay.swift in Sources */ = {isa = PBXBuildFile; fileRef = 064F88F82C278FFB009586A9 /* Delay.swift */; };
		064F890C2C278FFC009586A9 /* ColorPickerView.swift in Sources */ = {isa = PBXBuildFile; fileRef = 064F88FA2C278FFB009586A9 /* ColorPickerView.swift */; };
		064F890D2C278FFC009586A9 /* TaskCellView.swift in Sources */ = {isa = PBXBuildFile; fileRef = 064F88FB2C278FFB009586A9 /* TaskCellView.swift */; };
		064F890E2C278FFC009586A9 /* TaskListCellView.swift in Sources */ = {isa = PBXBuildFile; fileRef = 064F88FC2C278FFB009586A9 /* TaskListCellView.swift */; };
		064F890F2C278FFC009586A9 /* TaskListView.swift in Sources */ = {isa = PBXBuildFile; fileRef = 064F88FD2C278FFB009586A9 /* TaskListView.swift */; };
		064F89102C278FFC009586A9 /* TaskStatsView.swift in Sources */ = {isa = PBXBuildFile; fileRef = 064F88FE2C278FFB009586A9 /* TaskStatsView.swift */; };
		064F89112C278FFC009586A9 /* AddTaskListScreen.swift in Sources */ = {isa = PBXBuildFile; fileRef = 064F89002C278FFB009586A9 /* AddTaskListScreen.swift */; };
		064F89122C278FFC009586A9 /* TaskEditScreen.swift in Sources */ = {isa = PBXBuildFile; fileRef = 064F89012C278FFB009586A9 /* TaskEditScreen.swift */; };
		064F89132C278FFC009586A9 /* TaskListDetailScreen.swift in Sources */ = {isa = PBXBuildFile; fileRef = 064F89022C278FFB009586A9 /* TaskListDetailScreen.swift */; };
		064F89142C278FFC009586A9 /* TaskListScreen.swift in Sources */ = {isa = PBXBuildFile; fileRef = 064F89032C278FFB009586A9 /* TaskListScreen.swift */; };
		064F89152C278FFC009586A9 /* Task.swift in Sources */ = {isa = PBXBuildFile; fileRef = 064F89052C278FFB009586A9 /* Task.swift */; };
		064F89162C278FFC009586A9 /* TaskList.swift in Sources */ = {isa = PBXBuildFile; fileRef = 064F89062C278FFB009586A9 /* TaskList.swift */; };
		064F89182C279002009586A9 /* PreviewContainer.swift in Sources */ = {isa = PBXBuildFile; fileRef = 064F89172C279002009586A9 /* PreviewContainer.swift */; };
/* End PBXBuildFile section */

/* Begin PBXFileReference section */
		064F88E22C278FA7009586A9 /* MAIC-App.app */ = {isa = PBXFileReference; explicitFileType = wrapper.application; includeInIndex = 0; path = "MAIC-App.app"; sourceTree = BUILT_PRODUCTS_DIR; };
		064F88E52C278FA7009586A9 /* MAIC_AppApp.swift */ = {isa = PBXFileReference; lastKnownFileType = sourcecode.swift; path = MAIC_AppApp.swift; sourceTree = "<group>"; };
		064F88E92C278FA8009586A9 /* Assets.xcassets */ = {isa = PBXFileReference; lastKnownFileType = folder.assetcatalog; path = Assets.xcassets; sourceTree = "<group>"; };
		064F88EB2C278FA8009586A9 /* MAIC_App.entitlements */ = {isa = PBXFileReference; lastKnownFileType = text.plist.entitlements; path = MAIC_App.entitlements; sourceTree = "<group>"; };
		064F88ED2C278FA8009586A9 /* Preview Assets.xcassets */ = {isa = PBXFileReference; lastKnownFileType = folder.assetcatalog; path = "Preview Assets.xcassets"; sourceTree = "<group>"; };
		064F88F42C278FFB009586A9 /* Color+Extensions.swift */ = {isa = PBXFileReference; fileEncoding = 4; lastKnownFileType = sourcecode.swift; path = "Color+Extensions.swift"; sourceTree = "<group>"; };
		064F88F52C278FFB009586A9 /* Date+Extensions.swift */ = {isa = PBXFileReference; fileEncoding = 4; lastKnownFileType = sourcecode.swift; path = "Date+Extensions.swift"; sourceTree = "<group>"; };
		064F88F62C278FFB009586A9 /* String+Extensions.swift */ = {isa = PBXFileReference; fileEncoding = 4; lastKnownFileType = sourcecode.swift; path = "String+Extensions.swift"; sourceTree = "<group>"; };
		064F88F82C278FFB009586A9 /* Delay.swift */ = {isa = PBXFileReference; fileEncoding = 4; lastKnownFileType = sourcecode.swift; path = Delay.swift; sourceTree = "<group>"; };
		064F88FA2C278FFB009586A9 /* ColorPickerView.swift */ = {isa = PBXFileReference; fileEncoding = 4; lastKnownFileType = sourcecode.swift; path = ColorPickerView.swift; sourceTree = "<group>"; };
		064F88FB2C278FFB009586A9 /* TaskCellView.swift */ = {isa = PBXFileReference; fileEncoding = 4; lastKnownFileType = sourcecode.swift; path = TaskCellView.swift; sourceTree = "<group>"; };
		064F88FC2C278FFB009586A9 /* TaskListCellView.swift */ = {isa = PBXFileReference; fileEncoding = 4; lastKnownFileType = sourcecode.swift; path = TaskListCellView.swift; sourceTree = "<group>"; };
		064F88FD2C278FFB009586A9 /* TaskListView.swift */ = {isa = PBXFileReference; fileEncoding = 4; lastKnownFileType = sourcecode.swift; path = TaskListView.swift; sourceTree = "<group>"; };
		064F88FE2C278FFB009586A9 /* TaskStatsView.swift */ = {isa = PBXFileReference; fileEncoding = 4; lastKnownFileType = sourcecode.swift; path = TaskStatsView.swift; sourceTree = "<group>"; };
		064F89002C278FFB009586A9 /* AddTaskListScreen.swift */ = {isa = PBXFileReference; fileEncoding = 4; lastKnownFileType = sourcecode.swift; path = AddTaskListScreen.swift; sourceTree = "<group>"; };
		064F89012C278FFB009586A9 /* TaskEditScreen.swift */ = {isa = PBXFileReference; fileEncoding = 4; lastKnownFileType = sourcecode.swift; path = TaskEditScreen.swift; sourceTree = "<group>"; };
		064F89022C278FFB009586A9 /* TaskListDetailScreen.swift */ = {isa = PBXFileReference; fileEncoding = 4; lastKnownFileType = sourcecode.swift; path = TaskListDetailScreen.swift; sourceTree = "<group>"; };
		064F89032C278FFB009586A9 /* TaskListScreen.swift */ = {isa = PBXFileReference; fileEncoding = 4; lastKnownFileType = sourcecode.swift; path = TaskListScreen.swift; sourceTree = "<group>"; };
		064F89052C278FFB009586A9 /* Task.swift */ = {isa = PBXFileReference; fileEncoding = 4; lastKnownFileType = sourcecode.swift; path = Task.swift; sourceTree = "<group>"; };
		064F89062C278FFB009586A9 /* TaskList.swift */ = {isa = PBXFileReference; fileEncoding = 4; lastKnownFileType = sourcecode.swift; path = TaskList.swift; sourceTree = "<group>"; };
		064F89172C279002009586A9 /* PreviewContainer.swift */ = {isa = PBXFileReference; fileEncoding = 4; lastKnownFileType = sourcecode.swift; path = PreviewContainer.swift; sourceTree = "<group>"; };
/* End PBXFileReference section */

/* Begin PBXFrameworksBuildPhase section */
		064F88DF2C278FA7009586A9 /* Frameworks */ = {
			isa = PBXFrameworksBuildPhase;
			buildActionMask = 2147483647;
			files = (
			);
			runOnlyForDeploymentPostprocessing = 0;
		};
/* End PBXFrameworksBuildPhase section */

/* Begin PBXGroup section */
		064F88D92C278FA7009586A9 = {
			isa = PBXGroup;
			children = (
				064F88E42C278FA7009586A9 /* MAIC-App */,
				064F88E32C278FA7009586A9 /* Products */,
			);
			sourceTree = "<group>";
		};
		064F88E32C278FA7009586A9 /* Products */ = {
			isa = PBXGroup;
			children = (
				064F88E22C278FA7009586A9 /* MAIC-App.app */,
			);
			name = Products;
			sourceTree = "<group>";
		};
		064F88E42C278FA7009586A9 /* MAIC-App */ = {
			isa = PBXGroup;
			children = (
				064F88F72C278FFB009586A9 /* Extensions */,
				064F89072C278FFB009586A9 /* Models */,
				064F89042C278FFB009586A9 /* Screens */,
				064F88F92C278FFB009586A9 /* Utils */,
				064F88FF2C278FFB009586A9 /* Views */,
				064F88E52C278FA7009586A9 /* MAIC_AppApp.swift */,
				064F88E92C278FA8009586A9 /* Assets.xcassets */,
				064F88EB2C278FA8009586A9 /* MAIC_App.entitlements */,
				064F88EC2C278FA8009586A9 /* Preview Content */,
			);
			path = "MAIC-App";
			sourceTree = "<group>";
		};
		064F88EC2C278FA8009586A9 /* Preview Content */ = {
			isa = PBXGroup;
			children = (
				064F89172C279002009586A9 /* PreviewContainer.swift */,
				064F88ED2C278FA8009586A9 /* Preview Assets.xcassets */,
			);
			path = "Preview Content";
			sourceTree = "<group>";
		};
		064F88F72C278FFB009586A9 /* Extensions */ = {
			isa = PBXGroup;
			children = (
				064F88F42C278FFB009586A9 /* Color+Extensions.swift */,
				064F88F52C278FFB009586A9 /* Date+Extensions.swift */,
				064F88F62C278FFB009586A9 /* String+Extensions.swift */,
			);
			path = Extensions;
			sourceTree = "<group>";
		};
		064F88F92C278FFB009586A9 /* Utils */ = {
			isa = PBXGroup;
			children = (
				064F88F82C278FFB009586A9 /* Delay.swift */,
			);
			path = Utils;
			sourceTree = "<group>";
		};
		064F88FF2C278FFB009586A9 /* Views */ = {
			isa = PBXGroup;
			children = (
				064F88FA2C278FFB009586A9 /* ColorPickerView.swift */,
				064F88FB2C278FFB009586A9 /* TaskCellView.swift */,
				064F88FC2C278FFB009586A9 /* TaskListCellView.swift */,
				064F88FD2C278FFB009586A9 /* TaskListView.swift */,
				064F88FE2C278FFB009586A9 /* TaskStatsView.swift */,
			);
			path = Views;
			sourceTree = "<group>";
		};
		064F89042C278FFB009586A9 /* Screens */ = {
			isa = PBXGroup;
			children = (
				064F89002C278FFB009586A9 /* AddTaskListScreen.swift */,
				064F89012C278FFB009586A9 /* TaskEditScreen.swift */,
				064F89022C278FFB009586A9 /* TaskListDetailScreen.swift */,
				064F89032C278FFB009586A9 /* TaskListScreen.swift */,
			);
			path = Screens;
			sourceTree = "<group>";
		};
		064F89072C278FFB009586A9 /* Models */ = {
			isa = PBXGroup;
			children = (
				064F89052C278FFB009586A9 /* Task.swift */,
				064F89062C278FFB009586A9 /* TaskList.swift */,
			);
			path = Models;
			sourceTree = "<group>";
		};
/* End PBXGroup section */

/* Begin PBXNativeTarget section */
		064F88E12C278FA7009586A9 /* MAIC-App */ = {
			isa = PBXNativeTarget;
			buildConfigurationList = 064F88F12C278FA8009586A9 /* Build configuration list for PBXNativeTarget "MAIC-App" */;
			buildPhases = (
				064F88DE2C278FA7009586A9 /* Sources */,
				064F88DF2C278FA7009586A9 /* Frameworks */,
				064F88E02C278FA7009586A9 /* Resources */,
			);
			buildRules = (
			);
			dependencies = (
			);
			name = "MAIC-App";
			productName = "MAIC-App";
			productReference = 064F88E22C278FA7009586A9 /* MAIC-App.app */;
			productType = "com.apple.product-type.application";
		};
/* End PBXNativeTarget section */

/* Begin PBXProject section */
		064F88DA2C278FA7009586A9 /* Project object */ = {
			isa = PBXProject;
			attributes = {
				BuildIndependentTargetsInParallel = 1;
				LastSwiftUpdateCheck = 1540;
				LastUpgradeCheck = 1540;
				TargetAttributes = {
					064F88E12C278FA7009586A9 = {
						CreatedOnToolsVersion = 15.4;
					};
				};
			};
			buildConfigurationList = 064F88DD2C278FA7009586A9 /* Build configuration list for PBXProject "MAIC-App" */;
			compatibilityVersion = "Xcode 14.0";
			developmentRegion = en;
			hasScannedForEncodings = 0;
			knownRegions = (
				en,
				Base,
			);
			mainGroup = 064F88D92C278FA7009586A9;
			productRefGroup = 064F88E32C278FA7009586A9 /* Products */;
			projectDirPath = "";
			projectRoot = "";
			targets = (
				064F88E12C278FA7009586A9 /* MAIC-App */,
			);
		};
/* End PBXProject section */

/* Begin PBXResourcesBuildPhase section */
		064F88E02C278FA7009586A9 /* Resources */ = {
			isa = PBXResourcesBuildPhase;
			buildActionMask = 2147483647;
			files = (
				064F88EE2C278FA8009586A9 /* Preview Assets.xcassets in Resources */,
				064F88EA2C278FA8009586A9 /* Assets.xcassets in Resources */,
			);
			runOnlyForDeploymentPostprocessing = 0;
		};
/* End PBXResourcesBuildPhase section */

/* Begin PBXSourcesBuildPhase section */
		064F88DE2C278FA7009586A9 /* Sources */ = {
			isa = PBXSourcesBuildPhase;
			buildActionMask = 2147483647;
			files = (
				064F89122C278FFC009586A9 /* TaskEditScreen.swift in Sources */,
				064F890A2C278FFC009586A9 /* String+Extensions.swift in Sources */,
				064F89142C278FFC009586A9 /* TaskListScreen.swift in Sources */,
				064F88E62C278FA7009586A9 /* MAIC_AppApp.swift in Sources */,
				064F890F2C278FFC009586A9 /* TaskListView.swift in Sources */,
				064F890C2C278FFC009586A9 /* ColorPickerView.swift in Sources */,
				064F890E2C278FFC009586A9 /* TaskListCellView.swift in Sources */,
				064F89152C278FFC009586A9 /* Task.swift in Sources */,
				064F89162C278FFC009586A9 /* TaskList.swift in Sources */,
				064F890D2C278FFC009586A9 /* TaskCellView.swift in Sources */,
				064F89082C278FFC009586A9 /* Color+Extensions.swift in Sources */,
				064F89182C279002009586A9 /* PreviewContainer.swift in Sources */,
				064F89092C278FFC009586A9 /* Date+Extensions.swift in Sources */,
				064F890B2C278FFC009586A9 /* Delay.swift in Sources */,
				064F89102C278FFC009586A9 /* TaskStatsView.swift in Sources */,
				064F89132C278FFC009586A9 /* TaskListDetailScreen.swift in Sources */,
				064F89112C278FFC009586A9 /* AddTaskListScreen.swift in Sources */,
			);
			runOnlyForDeploymentPostprocessing = 0;
		};
/* End PBXSourcesBuildPhase section */

/* Begin XCBuildConfiguration section */
		064F88EF2C278FA8009586A9 /* Debug */ = {
			isa = XCBuildConfiguration;
			buildSettings = {
				ALWAYS_SEARCH_USER_PATHS = NO;
				ASSETCATALOG_COMPILER_GENERATE_SWIFT_ASSET_SYMBOL_EXTENSIONS = YES;
				CLANG_ANALYZER_NONNULL = YES;
				CLANG_ANALYZER_NUMBER_OBJECT_CONVERSION = YES_AGGRESSIVE;
				CLANG_CXX_LANGUAGE_STANDARD = "gnu++20";
				CLANG_ENABLE_MODULES = YES;
				CLANG_ENABLE_OBJC_ARC = YES;
				CLANG_ENABLE_OBJC_WEAK = YES;
				CLANG_WARN_BLOCK_CAPTURE_AUTORELEASING = YES;
				CLANG_WARN_BOOL_CONVERSION = YES;
				CLANG_WARN_COMMA = YES;
				CLANG_WARN_CONSTANT_CONVERSION = YES;
				CLANG_WARN_DEPRECATED_OBJC_IMPLEMENTATIONS = YES;
				CLANG_WARN_DIRECT_OBJC_ISA_USAGE = YES_ERROR;
				CLANG_WARN_DOCUMENTATION_COMMENTS = YES;
				CLANG_WARN_EMPTY_BODY = YES;
				CLANG_WARN_ENUM_CONVERSION = YES;
				CLANG_WARN_INFINITE_RECURSION = YES;
				CLANG_WARN_INT_CONVERSION = YES;
				CLANG_WARN_NON_LITERAL_NULL_CONVERSION = YES;
				CLANG_WARN_OBJC_IMPLICIT_RETAIN_SELF = YES;
				CLANG_WARN_OBJC_LITERAL_CONVERSION = YES;
				CLANG_WARN_OBJC_ROOT_CLASS = YES_ERROR;
				CLANG_WARN_QUOTED_INCLUDE_IN_FRAMEWORK_HEADER = YES;
				CLANG_WARN_RANGE_LOOP_ANALYSIS = YES;
				CLANG_WARN_STRICT_PROTOTYPES = YES;
				CLANG_WARN_SUSPICIOUS_MOVE = YES;
				CLANG_WARN_UNGUARDED_AVAILABILITY = YES_AGGRESSIVE;
				CLANG_WARN_UNREACHABLE_CODE = YES;
				CLANG_WARN__DUPLICATE_METHOD_MATCH = YES;
				COPY_PHASE_STRIP = NO;
				DEBUG_INFORMATION_FORMAT = dwarf;
				ENABLE_STRICT_OBJC_MSGSEND = YES;
				ENABLE_TESTABILITY = YES;
				ENABLE_USER_SCRIPT_SANDBOXING = YES;
				GCC_C_LANGUAGE_STANDARD = gnu17;
				GCC_DYNAMIC_NO_PIC = NO;
				GCC_NO_COMMON_BLOCKS = YES;
				GCC_OPTIMIZATION_LEVEL = 0;
				GCC_PREPROCESSOR_DEFINITIONS = (
					"DEBUG=1",
					"$(inherited)",
				);
				GCC_WARN_64_TO_32_BIT_CONVERSION = YES;
				GCC_WARN_ABOUT_RETURN_TYPE = YES_ERROR;
				GCC_WARN_UNDECLARED_SELECTOR = YES;
				GCC_WARN_UNINITIALIZED_AUTOS = YES_AGGRESSIVE;
				GCC_WARN_UNUSED_FUNCTION = YES;
				GCC_WARN_UNUSED_VARIABLE = YES;
				LOCALIZATION_PREFERS_STRING_CATALOGS = YES;
				MTL_ENABLE_DEBUG_INFO = INCLUDE_SOURCE;
				MTL_FAST_MATH = YES;
				ONLY_ACTIVE_ARCH = YES;
				SWIFT_ACTIVE_COMPILATION_CONDITIONS = "DEBUG $(inherited)";
				SWIFT_OPTIMIZATION_LEVEL = "-Onone";
			};
			name = Debug;
		};
		064F88F02C278FA8009586A9 /* Release */ = {
			isa = XCBuildConfiguration;
			buildSettings = {
				ALWAYS_SEARCH_USER_PATHS = NO;
				ASSETCATALOG_COMPILER_GENERATE_SWIFT_ASSET_SYMBOL_EXTENSIONS = YES;
				CLANG_ANALYZER_NONNULL = YES;
				CLANG_ANALYZER_NUMBER_OBJECT_CONVERSION = YES_AGGRESSIVE;
				CLANG_CXX_LANGUAGE_STANDARD = "gnu++20";
				CLANG_ENABLE_MODULES = YES;
				CLANG_ENABLE_OBJC_ARC = YES;
				CLANG_ENABLE_OBJC_WEAK = YES;
				CLANG_WARN_BLOCK_CAPTURE_AUTORELEASING = YES;
				CLANG_WARN_BOOL_CONVERSION = YES;
				CLANG_WARN_COMMA = YES;
				CLANG_WARN_CONSTANT_CONVERSION = YES;
				CLANG_WARN_DEPRECATED_OBJC_IMPLEMENTATIONS = YES;
				CLANG_WARN_DIRECT_OBJC_ISA_USAGE = YES_ERROR;
				CLANG_WARN_DOCUMENTATION_COMMENTS = YES;
				CLANG_WARN_EMPTY_BODY = YES;
				CLANG_WARN_ENUM_CONVERSION = YES;
				CLANG_WARN_INFINITE_RECURSION = YES;
				CLANG_WARN_INT_CONVERSION = YES;
				CLANG_WARN_NON_LITERAL_NULL_CONVERSION = YES;
				CLANG_WARN_OBJC_IMPLICIT_RETAIN_SELF = YES;
				CLANG_WARN_OBJC_LITERAL_CONVERSION = YES;
				CLANG_WARN_OBJC_ROOT_CLASS = YES_ERROR;
				CLANG_WARN_QUOTED_INCLUDE_IN_FRAMEWORK_HEADER = YES;
				CLANG_WARN_RANGE_LOOP_ANALYSIS = YES;
				CLANG_WARN_STRICT_PROTOTYPES = YES;
				CLANG_WARN_SUSPICIOUS_MOVE = YES;
				CLANG_WARN_UNGUARDED_AVAILABILITY = YES_AGGRESSIVE;
				CLANG_WARN_UNREACHABLE_CODE = YES;
				CLANG_WARN__DUPLICATE_METHOD_MATCH = YES;
				COPY_PHASE_STRIP = NO;
				DEBUG_INFORMATION_FORMAT = "dwarf-with-dsym";
				ENABLE_NS_ASSERTIONS = NO;
				ENABLE_STRICT_OBJC_MSGSEND = YES;
				ENABLE_USER_SCRIPT_SANDBOXING = YES;
				GCC_C_LANGUAGE_STANDARD = gnu17;
				GCC_NO_COMMON_BLOCKS = YES;
				GCC_WARN_64_TO_32_BIT_CONVERSION = YES;
				GCC_WARN_ABOUT_RETURN_TYPE = YES_ERROR;
				GCC_WARN_UNDECLARED_SELECTOR = YES;
				GCC_WARN_UNINITIALIZED_AUTOS = YES_AGGRESSIVE;
				GCC_WARN_UNUSED_FUNCTION = YES;
				GCC_WARN_UNUSED_VARIABLE = YES;
				LOCALIZATION_PREFERS_STRING_CATALOGS = YES;
				MTL_ENABLE_DEBUG_INFO = NO;
				MTL_FAST_MATH = YES;
				SWIFT_COMPILATION_MODE = wholemodule;
			};
			name = Release;
		};
		064F88F22C278FA8009586A9 /* Debug */ = {
			isa = XCBuildConfiguration;
			buildSettings = {
				ASSETCATALOG_COMPILER_APPICON_NAME = AppIcon;
				ASSETCATALOG_COMPILER_GLOBAL_ACCENT_COLOR_NAME = AccentColor;
				CODE_SIGN_ENTITLEMENTS = "MAIC-App/MAIC_App.entitlements";
				CODE_SIGN_STYLE = Automatic;
				CURRENT_PROJECT_VERSION = 1;
				DEVELOPMENT_ASSET_PATHS = "\"MAIC-App/Preview Content\"";
				DEVELOPMENT_TEAM = 3S3EQ7P95S;
				ENABLE_HARDENED_RUNTIME = YES;
				ENABLE_PREVIEWS = YES;
				GENERATE_INFOPLIST_FILE = YES;
				"INFOPLIST_KEY_UIApplicationSceneManifest_Generation[sdk=iphoneos*]" = YES;
				"INFOPLIST_KEY_UIApplicationSceneManifest_Generation[sdk=iphonesimulator*]" = YES;
				"INFOPLIST_KEY_UIApplicationSupportsIndirectInputEvents[sdk=iphoneos*]" = YES;
				"INFOPLIST_KEY_UIApplicationSupportsIndirectInputEvents[sdk=iphonesimulator*]" = YES;
				"INFOPLIST_KEY_UILaunchScreen_Generation[sdk=iphoneos*]" = YES;
				"INFOPLIST_KEY_UILaunchScreen_Generation[sdk=iphonesimulator*]" = YES;
				"INFOPLIST_KEY_UIStatusBarStyle[sdk=iphoneos*]" = UIStatusBarStyleDefault;
				"INFOPLIST_KEY_UIStatusBarStyle[sdk=iphonesimulator*]" = UIStatusBarStyleDefault;
				INFOPLIST_KEY_UISupportedInterfaceOrientations_iPad = "UIInterfaceOrientationPortrait UIInterfaceOrientationPortraitUpsideDown UIInterfaceOrientationLandscapeLeft UIInterfaceOrientationLandscapeRight";
				INFOPLIST_KEY_UISupportedInterfaceOrientations_iPhone = "UIInterfaceOrientationPortrait UIInterfaceOrientationLandscapeLeft UIInterfaceOrientationLandscapeRight";
				IPHONEOS_DEPLOYMENT_TARGET = 17.5;
				LD_RUNPATH_SEARCH_PATHS = "@executable_path/Frameworks";
				"LD_RUNPATH_SEARCH_PATHS[sdk=macosx*]" = "@executable_path/../Frameworks";
				MACOSX_DEPLOYMENT_TARGET = 14.5;
				MARKETING_VERSION = 1.0;
				PRODUCT_BUNDLE_IDENTIFIER = "demo.MAIC-App";
				PRODUCT_NAME = "$(TARGET_NAME)";
				SDKROOT = auto;
				SUPPORTED_PLATFORMS = "iphoneos iphonesimulator macosx";
				SWIFT_EMIT_LOC_STRINGS = YES;
				SWIFT_VERSION = 5.0;
				TARGETED_DEVICE_FAMILY = "1,2";
			};
			name = Debug;
		};
		064F88F32C278FA8009586A9 /* Release */ = {
			isa = XCBuildConfiguration;
			buildSettings = {
				ASSETCATALOG_COMPILER_APPICON_NAME = AppIcon;
				ASSETCATALOG_COMPILER_GLOBAL_ACCENT_COLOR_NAME = AccentColor;
				CODE_SIGN_ENTITLEMENTS = "MAIC-App/MAIC_App.entitlements";
				CODE_SIGN_STYLE = Automatic;
				CURRENT_PROJECT_VERSION = 1;
				DEVELOPMENT_ASSET_PATHS = "\"MAIC-App/Preview Content\"";
				DEVELOPMENT_TEAM = 3S3EQ7P95S;
				ENABLE_HARDENED_RUNTIME = YES;
				ENABLE_PREVIEWS = YES;
				GENERATE_INFOPLIST_FILE = YES;
				"INFOPLIST_KEY_UIApplicationSceneManifest_Generation[sdk=iphoneos*]" = YES;
				"INFOPLIST_KEY_UIApplicationSceneManifest_Generation[sdk=iphonesimulator*]" = YES;
				"INFOPLIST_KEY_UIApplicationSupportsIndirectInputEvents[sdk=iphoneos*]" = YES;
				"INFOPLIST_KEY_UIApplicationSupportsIndirectInputEvents[sdk=iphonesimulator*]" = YES;
				"INFOPLIST_KEY_UILaunchScreen_Generation[sdk=iphoneos*]" = YES;
				"INFOPLIST_KEY_UILaunchScreen_Generation[sdk=iphonesimulator*]" = YES;
				"INFOPLIST_KEY_UIStatusBarStyle[sdk=iphoneos*]" = UIStatusBarStyleDefault;
				"INFOPLIST_KEY_UIStatusBarStyle[sdk=iphonesimulator*]" = UIStatusBarStyleDefault;
				INFOPLIST_KEY_UISupportedInterfaceOrientations_iPad = "UIInterfaceOrientationPortrait UIInterfaceOrientationPortraitUpsideDown UIInterfaceOrientationLandscapeLeft UIInterfaceOrientationLandscapeRight";
				INFOPLIST_KEY_UISupportedInterfaceOrientations_iPhone = "UIInterfaceOrientationPortrait UIInterfaceOrientationLandscapeLeft UIInterfaceOrientationLandscapeRight";
				IPHONEOS_DEPLOYMENT_TARGET = 17.5;
				LD_RUNPATH_SEARCH_PATHS = "@executable_path/Frameworks";
				"LD_RUNPATH_SEARCH_PATHS[sdk=macosx*]" = "@executable_path/../Frameworks";
				MACOSX_DEPLOYMENT_TARGET = 14.5;
				MARKETING_VERSION = 1.0;
				PRODUCT_BUNDLE_IDENTIFIER = "demo.MAIC-App";
				PRODUCT_NAME = "$(TARGET_NAME)";
				SDKROOT = auto;
				SUPPORTED_PLATFORMS = "iphoneos iphonesimulator macosx";
				SWIFT_EMIT_LOC_STRINGS = YES;
				SWIFT_VERSION = 5.0;
				TARGETED_DEVICE_FAMILY = "1,2";
			};
			name = Release;
		};
/* End XCBuildConfiguration section */

/* Begin XCConfigurationList section */
		064F88DD2C278FA7009586A9 /* Build configuration list for PBXProject "MAIC-App" */ = {
			isa = XCConfigurationList;
			buildConfigurations = (
				064F88EF2C278FA8009586A9 /* Debug */,
				064F88F02C278FA8009586A9 /* Release */,
			);
			defaultConfigurationIsVisible = 0;
			defaultConfigurationName = Release;
		};
		064F88F12C278FA8009586A9 /* Build configuration list for PBXNativeTarget "MAIC-App" */ = {
			isa = XCConfigurationList;
			buildConfigurations = (
				064F88F22C278FA8009586A9 /* Debug */,
				064F88F32C278FA8009586A9 /* Release */,
			);
			defaultConfigurationIsVisible = 0;
			defaultConfigurationName = Release;
		};
/* End XCConfigurationList section */
	};
	rootObject = 064F88DA2C278FA7009586A9 /* Project object */;
}
